
Microsoft Visual Studio Solution File, Format Version 12.00
# Visual Studio Version 17
VisualStudioVersion = 17.8.34511.84
MinimumVisualStudioVersion = 10.0.40219.1
Project("{FAE04EC0-301F-11D3-BF4B-00C04F79EFBC}") = "EasyBlog", "EasyBlog\EasyBlog.csproj", "{5314B48B-3765-4FDA-B3CD-DB51833C1C8A}"
EndProject
Global
	GlobalSection(SolutionConfigurationPlatforms) = preSolution
		Debug|Any CPU = Debug|Any CPU
		Release|Any CPU = Release|Any CPU
	EndGlobalSection
	GlobalSection(ProjectConfigurationPlatforms) = postSolution
		{5314B48B-3765-4FDA-B3CD-DB51833C1C8A}.Debug|Any CPU.ActiveCfg = Debug|Any CPU
		{5314B48B-3765-4FDA-B3CD-DB51833C1C8A}.Debug|Any CPU.Build.0 = Debug|Any CPU
		{5314B48B-3765-4FDA-B3CD-DB51833C1C8A}.Release|Any CPU.ActiveCfg = Release|Any CPU
		{5314B48B-3765-4FDA-B3CD-DB51833C1C8A}.Release|Any CPU.Build.0 = Release|Any CPU
	EndGlobalSection
	GlobalSection(SolutionProperties) = preSolution
		HideSolutionNode = FALSE
	EndGlobalSection
	GlobalSection(ExtensibilityGlobals) = postSolution
		SolutionGuid = {F162CC3E-796B-482B-AC67-20B26BFA6D35}
	EndGlobalSection
EndGlobal
